// !$*UTF8*$!
{
	archiveVersion = 1;
	classes = {
	};
	objectVersion = 56;
	objects = {

/* Begin PBXBuildFile section */
		2714546A29B7C04800DA221E /* ViewModel.swift in Sources */ = {isa = PBXBuildFile; fileRef = 2714546929B7C04800DA221E /* ViewModel.swift */; };
		2772FCBB2A26931600359739 /* MatrixContainer.swift in Sources */ = {isa = PBXBuildFile; fileRef = 2772FCBA2A26931600359739 /* MatrixContainer.swift */; };
		27B91A432A12E5AB0073A327 /* AlgorithmChoiceScroll.swift in Sources */ = {isa = PBXBuildFile; fileRef = 27B91A422A12E5AB0073A327 /* AlgorithmChoiceScroll.swift */; };
		27B91A452A12E5BA0073A327 /* BigOChart.swift in Sources */ = {isa = PBXBuildFile; fileRef = 27B91A442A12E5BA0073A327 /* BigOChart.swift */; };
		27CF001529B676ED00C40B5E /* AutocompleteApp.swift in Sources */ = {isa = PBXBuildFile; fileRef = 27CF001429B676ED00C40B5E /* AutocompleteApp.swift */; };
		27CF001729B676ED00C40B5E /* ContentView.swift in Sources */ = {isa = PBXBuildFile; fileRef = 27CF001629B676ED00C40B5E /* ContentView.swift */; };
		27CF001929B676F100C40B5E /* Assets.xcassets in Resources */ = {isa = PBXBuildFile; fileRef = 27CF001829B676F100C40B5E /* Assets.xcassets */; };
		27CF001C29B676F100C40B5E /* Preview Assets.xcassets in Resources */ = {isa = PBXBuildFile; fileRef = 27CF001B29B676F100C40B5E /* Preview Assets.xcassets */; };
		27CF002629B676F100C40B5E /* AutocompleteTests.swift in Sources */ = {isa = PBXBuildFile; fileRef = 27CF002529B676F100C40B5E /* AutocompleteTests.swift */; };
		27CF003029B676F100C40B5E /* AutocompleteUITests.swift in Sources */ = {isa = PBXBuildFile; fileRef = 27CF002F29B676F100C40B5E /* AutocompleteUITests.swift */; };
		27CF003229B676F100C40B5E /* AutocompleteUITestsLaunchTests.swift in Sources */ = {isa = PBXBuildFile; fileRef = 27CF003129B676F100C40B5E /* AutocompleteUITestsLaunchTests.swift */; };
		27CF003F29B6811A00C40B5E /* TextFieldContainer.swift in Sources */ = {isa = PBXBuildFile; fileRef = 27CF003E29B6811A00C40B5E /* TextFieldContainer.swift */; };
		27CF004129B69E1500C40B5E /* TrieContainer.swift in Sources */ = {isa = PBXBuildFile; fileRef = 27CF004029B69E1500C40B5E /* TrieContainer.swift */; };
/* End PBXBuildFile section */

/* Begin PBXContainerItemProxy section */
		27CF002229B676F100C40B5E /* PBXContainerItemProxy */ = {
			isa = PBXContainerItemProxy;
			containerPortal = 27CF000929B676EC00C40B5E /* Project object */;
			proxyType = 1;
			remoteGlobalIDString = 27CF001029B676EC00C40B5E;
			remoteInfo = Autocomplete;
		};
		27CF002C29B676F100C40B5E /* PBXContainerItemProxy */ = {
			isa = PBXContainerItemProxy;
			containerPortal = 27CF000929B676EC00C40B5E /* Project object */;
			proxyType = 1;
			remoteGlobalIDString = 27CF001029B676EC00C40B5E;
			remoteInfo = Autocomplete;
		};
/* End PBXContainerItemProxy section */

/* Begin PBXFileReference section */
		2714546929B7C04800DA221E /* ViewModel.swift */ = {isa = PBXFileReference; lastKnownFileType = sourcecode.swift; path = ViewModel.swift; sourceTree = "<group>"; };
		2772FCBA2A26931600359739 /* MatrixContainer.swift */ = {isa = PBXFileReference; lastKnownFileType = sourcecode.swift; path = MatrixContainer.swift; sourceTree = "<group>"; };
		27B91A422A12E5AB0073A327 /* AlgorithmChoiceScroll.swift */ = {isa = PBXFileReference; lastKnownFileType = sourcecode.swift; path = AlgorithmChoiceScroll.swift; sourceTree = "<group>"; };
		27B91A442A12E5BA0073A327 /* BigOChart.swift */ = {isa = PBXFileReference; lastKnownFileType = sourcecode.swift; path = BigOChart.swift; sourceTree = "<group>"; };
		27CF001129B676EC00C40B5E /* Autocomplete.app */ = {isa = PBXFileReference; explicitFileType = wrapper.application; includeInIndex = 0; path = Autocomplete.app; sourceTree = BUILT_PRODUCTS_DIR; };
		27CF001429B676ED00C40B5E /* AutocompleteApp.swift */ = {isa = PBXFileReference; lastKnownFileType = sourcecode.swift; path = AutocompleteApp.swift; sourceTree = "<group>"; };
		27CF001629B676ED00C40B5E /* ContentView.swift */ = {isa = PBXFileReference; lastKnownFileType = sourcecode.swift; path = ContentView.swift; sourceTree = "<group>"; };
		27CF001829B676F100C40B5E /* Assets.xcassets */ = {isa = PBXFileReference; lastKnownFileType = folder.assetcatalog; path = Assets.xcassets; sourceTree = "<group>"; };
		27CF001B29B676F100C40B5E /* Preview Assets.xcassets */ = {isa = PBXFileReference; lastKnownFileType = folder.assetcatalog; path = "Preview Assets.xcassets"; sourceTree = "<group>"; };
		27CF002129B676F100C40B5E /* AutocompleteTests.xctest */ = {isa = PBXFileReference; explicitFileType = wrapper.cfbundle; includeInIndex = 0; path = AutocompleteTests.xctest; sourceTree = BUILT_PRODUCTS_DIR; };
		27CF002529B676F100C40B5E /* AutocompleteTests.swift */ = {isa = PBXFileReference; lastKnownFileType = sourcecode.swift; path = AutocompleteTests.swift; sourceTree = "<group>"; };
		27CF002B29B676F100C40B5E /* AutocompleteUITests.xctest */ = {isa = PBXFileReference; explicitFileType = wrapper.cfbundle; includeInIndex = 0; path = AutocompleteUITests.xctest; sourceTree = BUILT_PRODUCTS_DIR; };
		27CF002F29B676F100C40B5E /* AutocompleteUITests.swift */ = {isa = PBXFileReference; lastKnownFileType = sourcecode.swift; path = AutocompleteUITests.swift; sourceTree = "<group>"; };
		27CF003129B676F100C40B5E /* AutocompleteUITestsLaunchTests.swift */ = {isa = PBXFileReference; lastKnownFileType = sourcecode.swift; path = AutocompleteUITestsLaunchTests.swift; sourceTree = "<group>"; };
		27CF003E29B6811A00C40B5E /* TextFieldContainer.swift */ = {isa = PBXFileReference; lastKnownFileType = sourcecode.swift; path = TextFieldContainer.swift; sourceTree = "<group>"; };
		27CF004029B69E1500C40B5E /* TrieContainer.swift */ = {isa = PBXFileReference; lastKnownFileType = sourcecode.swift; path = TrieContainer.swift; sourceTree = "<group>"; };
/* End PBXFileReference section */

/* Begin PBXFrameworksBuildPhase section */
		27CF000E29B676EC00C40B5E /* Frameworks */ = {
			isa = PBXFrameworksBuildPhase;
			buildActionMask = 2147483647;
			files = (
			);
			runOnlyForDeploymentPostprocessing = 0;
		};
		27CF001E29B676F100C40B5E /* Frameworks */ = {
			isa = PBXFrameworksBuildPhase;
			buildActionMask = 2147483647;
			files = (
			);
			runOnlyForDeploymentPostprocessing = 0;
		};
		27CF002829B676F100C40B5E /* Frameworks */ = {
			isa = PBXFrameworksBuildPhase;
			buildActionMask = 2147483647;
			files = (
			);
			runOnlyForDeploymentPostprocessing = 0;
		};
/* End PBXFrameworksBuildPhase section */

/* Begin PBXGroup section */
		27CF000829B676EC00C40B5E = {
			isa = PBXGroup;
			children = (
				27CF001329B676EC00C40B5E /* Autocomplete */,
				27CF002429B676F100C40B5E /* AutocompleteTests */,
				27CF002E29B676F100C40B5E /* AutocompleteUITests */,
				27CF001229B676EC00C40B5E /* Products */,
			);
			sourceTree = "<group>";
		};
		27CF001229B676EC00C40B5E /* Products */ = {
			isa = PBXGroup;
			children = (
				27CF001129B676EC00C40B5E /* Autocomplete.app */,
				27CF002129B676F100C40B5E /* AutocompleteTests.xctest */,
				27CF002B29B676F100C40B5E /* AutocompleteUITests.xctest */,
			);
			name = Products;
			sourceTree = "<group>";
		};
		27CF001329B676EC00C40B5E /* Autocomplete */ = {
			isa = PBXGroup;
			children = (
				27CF001429B676ED00C40B5E /* AutocompleteApp.swift */,
				27CF001629B676ED00C40B5E /* ContentView.swift */,
				27CF003E29B6811A00C40B5E /* TextFieldContainer.swift */,
				27CF004029B69E1500C40B5E /* TrieContainer.swift */,
				2772FCBA2A26931600359739 /* MatrixContainer.swift */,
				2714546929B7C04800DA221E /* ViewModel.swift */,
				27B91A422A12E5AB0073A327 /* AlgorithmChoiceScroll.swift */,
				27B91A442A12E5BA0073A327 /* BigOChart.swift */,
				27CF001829B676F100C40B5E /* Assets.xcassets */,
				27CF001A29B676F100C40B5E /* Preview Content */,
			);
			path = Autocomplete;
			sourceTree = "<group>";
		};
		27CF001A29B676F100C40B5E /* Preview Content */ = {
			isa = PBXGroup;
			children = (
				27CF001B29B676F100C40B5E /* Preview Assets.xcassets */,
			);
			path = "Preview Content";
			sourceTree = "<group>";
		};
		27CF002429B676F100C40B5E /* AutocompleteTests */ = {
			isa = PBXGroup;
			children = (
				27CF002529B676F100C40B5E /* AutocompleteTests.swift */,
			);
			path = AutocompleteTests;
			sourceTree = "<group>";
		};
		27CF002E29B676F100C40B5E /* AutocompleteUITests */ = {
			isa = PBXGroup;
			children = (
				27CF002F29B676F100C40B5E /* AutocompleteUITests.swift */,
				27CF003129B676F100C40B5E /* AutocompleteUITestsLaunchTests.swift */,
			);
			path = AutocompleteUITests;
			sourceTree = "<group>";
		};
/* End PBXGroup section */

/* Begin PBXNativeTarget section */
		27CF001029B676EC00C40B5E /* Autocomplete */ = {
			isa = PBXNativeTarget;
			buildConfigurationList = 27CF003529B676F100C40B5E /* Build configuration list for PBXNativeTarget "Autocomplete" */;
			buildPhases = (
				27CF000D29B676EC00C40B5E /* Sources */,
				27CF000E29B676EC00C40B5E /* Frameworks */,
				27CF000F29B676EC00C40B5E /* Resources */,
			);
			buildRules = (
			);
			dependencies = (
			);
			name = Autocomplete;
			productName = Autocomplete;
			productReference = 27CF001129B676EC00C40B5E /* Autocomplete.app */;
			productType = "com.apple.product-type.application";
		};
		27CF002029B676F100C40B5E /* AutocompleteTests */ = {
			isa = PBXNativeTarget;
			buildConfigurationList = 27CF003829B676F100C40B5E /* Build configuration list for PBXNativeTarget "AutocompleteTests" */;
			buildPhases = (
				27CF001D29B676F100C40B5E /* Sources */,
				27CF001E29B676F100C40B5E /* Frameworks */,
				27CF001F29B676F100C40B5E /* Resources */,
			);
			buildRules = (
			);
			dependencies = (
				27CF002329B676F100C40B5E /* PBXTargetDependency */,
			);
			name = AutocompleteTests;
			productName = AutocompleteTests;
			productReference = 27CF002129B676F100C40B5E /* AutocompleteTests.xctest */;
			productType = "com.apple.product-type.bundle.unit-test";
		};
		27CF002A29B676F100C40B5E /* AutocompleteUITests */ = {
			isa = PBXNativeTarget;
			buildConfigurationList = 27CF003B29B676F100C40B5E /* Build configuration list for PBXNativeTarget "AutocompleteUITests" */;
			buildPhases = (
				27CF002729B676F100C40B5E /* Sources */,
				27CF002829B676F100C40B5E /* Frameworks */,
				27CF002929B676F100C40B5E /* Resources */,
			);
			buildRules = (
			);
			dependencies = (
				27CF002D29B676F100C40B5E /* PBXTargetDependency */,
			);
			name = AutocompleteUITests;
			productName = AutocompleteUITests;
			productReference = 27CF002B29B676F100C40B5E /* AutocompleteUITests.xctest */;
			productType = "com.apple.product-type.bundle.ui-testing";
		};
/* End PBXNativeTarget section */

/* Begin PBXProject section */
		27CF000929B676EC00C40B5E /* Project object */ = {
			isa = PBXProject;
			attributes = {
				BuildIndependentTargetsInParallel = 1;
				LastSwiftUpdateCheck = 1420;
				LastUpgradeCheck = 1420;
				TargetAttributes = {
					27CF001029B676EC00C40B5E = {
						CreatedOnToolsVersion = 14.2;
					};
					27CF002029B676F100C40B5E = {
						CreatedOnToolsVersion = 14.2;
						TestTargetID = 27CF001029B676EC00C40B5E;
					};
					27CF002A29B676F100C40B5E = {
						CreatedOnToolsVersion = 14.2;
						TestTargetID = 27CF001029B676EC00C40B5E;
					};
				};
			};
			buildConfigurationList = 27CF000C29B676EC00C40B5E /* Build configuration list for PBXProject "Autocomplete" */;
			compatibilityVersion = "Xcode 14.0";
			developmentRegion = en;
			hasScannedForEncodings = 0;
			knownRegions = (
				en,
				Base,
			);
			mainGroup = 27CF000829B676EC00C40B5E;
			productRefGroup = 27CF001229B676EC00C40B5E /* Products */;
			projectDirPath = "";
			projectRoot = "";
			targets = (
				27CF001029B676EC00C40B5E /* Autocomplete */,
				27CF002029B676F100C40B5E /* AutocompleteTests */,
				27CF002A29B676F100C40B5E /* AutocompleteUITests */,
			);
		};
/* End PBXProject section */

/* Begin PBXResourcesBuildPhase section */
		27CF000F29B676EC00C40B5E /* Resources */ = {
			isa = PBXResourcesBuildPhase;
			buildActionMask = 2147483647;
			files = (
				27CF001C29B676F100C40B5E /* Preview Assets.xcassets in Resources */,
				27CF001929B676F100C40B5E /* Assets.xcassets in Resources */,
			);
			runOnlyForDeploymentPostprocessing = 0;
		};
		27CF001F29B676F100C40B5E /* Resources */ = {
			isa = PBXResourcesBuildPhase;
			buildActionMask = 2147483647;
			files = (
			);
			runOnlyForDeploymentPostprocessing = 0;
		};
		27CF002929B676F100C40B5E /* Resources */ = {
			isa = PBXResourcesBuildPhase;
			buildActionMask = 2147483647;
			files = (
			);
			runOnlyForDeploymentPostprocessing = 0;
		};
/* End PBXResourcesBuildPhase section */

/* Begin PBXSourcesBuildPhase section */
		27CF000D29B676EC00C40B5E /* Sources */ = {
			isa = PBXSourcesBuildPhase;
			buildActionMask = 2147483647;
			files = (
				2772FCBB2A26931600359739 /* MatrixContainer.swift in Sources */,
				2714546A29B7C04800DA221E /* ViewModel.swift in Sources */,
				27CF001729B676ED00C40B5E /* ContentView.swift in Sources */,
				27CF004129B69E1500C40B5E /* TrieContainer.swift in Sources */,
				27CF003F29B6811A00C40B5E /* TextFieldContainer.swift in Sources */,
				27CF001529B676ED00C40B5E /* AutocompleteApp.swift in Sources */,
				27B91A452A12E5BA0073A327 /* BigOChart.swift in Sources */,
				27B91A432A12E5AB0073A327 /* AlgorithmChoiceScroll.swift in Sources */,
			);
			runOnlyForDeploymentPostprocessing = 0;
		};
		27CF001D29B676F100C40B5E /* Sources */ = {
			isa = PBXSourcesBuildPhase;
			buildActionMask = 2147483647;
			files = (
				27CF002629B676F100C40B5E /* AutocompleteTests.swift in Sources */,
			);
			runOnlyForDeploymentPostprocessing = 0;
		};
		27CF002729B676F100C40B5E /* Sources */ = {
			isa = PBXSourcesBuildPhase;
			buildActionMask = 2147483647;
			files = (
				27CF003229B676F100C40B5E /* AutocompleteUITestsLaunchTests.swift in Sources */,
				27CF003029B676F100C40B5E /* AutocompleteUITests.swift in Sources */,
			);
			runOnlyForDeploymentPostprocessing = 0;
		};
/* End PBXSourcesBuildPhase section */

/* Begin PBXTargetDependency section */
		27CF002329B676F100C40B5E /* PBXTargetDependency */ = {
			isa = PBXTargetDependency;
			target = 27CF001029B676EC00C40B5E /* Autocomplete */;
			targetProxy = 27CF002229B676F100C40B5E /* PBXContainerItemProxy */;
		};
		27CF002D29B676F100C40B5E /* PBXTargetDependency */ = {
			isa = PBXTargetDependency;
			target = 27CF001029B676EC00C40B5E /* Autocomplete */;
			targetProxy = 27CF002C29B676F100C40B5E /* PBXContainerItemProxy */;
		};
/* End PBXTargetDependency section */

/* Begin XCBuildConfiguration section */
		27CF003329B676F100C40B5E /* Debug */ = {
			isa = XCBuildConfiguration;
			buildSettings = {
				ALWAYS_SEARCH_USER_PATHS = NO;
				CLANG_ANALYZER_NONNULL = YES;
				CLANG_ANALYZER_NUMBER_OBJECT_CONVERSION = YES_AGGRESSIVE;
				CLANG_CXX_LANGUAGE_STANDARD = "gnu++20";
				CLANG_ENABLE_MODULES = YES;
				CLANG_ENABLE_OBJC_ARC = YES;
				CLANG_ENABLE_OBJC_WEAK = YES;
				CLANG_WARN_BLOCK_CAPTURE_AUTORELEASING = YES;
				CLANG_WARN_BOOL_CONVERSION = YES;
				CLANG_WARN_COMMA = YES;
				CLANG_WARN_CONSTANT_CONVERSION = YES;
				CLANG_WARN_DEPRECATED_OBJC_IMPLEMENTATIONS = YES;
				CLANG_WARN_DIRECT_OBJC_ISA_USAGE = YES_ERROR;
				CLANG_WARN_DOCUMENTATION_COMMENTS = YES;
				CLANG_WARN_EMPTY_BODY = YES;
				CLANG_WARN_ENUM_CONVERSION = YES;
				CLANG_WARN_INFINITE_RECURSION = YES;
				CLANG_WARN_INT_CONVERSION = YES;
				CLANG_WARN_NON_LITERAL_NULL_CONVERSION = YES;
				CLANG_WARN_OBJC_IMPLICIT_RETAIN_SELF = YES;
				CLANG_WARN_OBJC_LITERAL_CONVERSION = YES;
				CLANG_WARN_OBJC_ROOT_CLASS = YES_ERROR;
				CLANG_WARN_QUOTED_INCLUDE_IN_FRAMEWORK_HEADER = YES;
				CLANG_WARN_RANGE_LOOP_ANALYSIS = YES;
				CLANG_WARN_STRICT_PROTOTYPES = YES;
				CLANG_WARN_SUSPICIOUS_MOVE = YES;
				CLANG_WARN_UNGUARDED_AVAILABILITY = YES_AGGRESSIVE;
				CLANG_WARN_UNREACHABLE_CODE = YES;
				CLANG_WARN__DUPLICATE_METHOD_MATCH = YES;
				COPY_PHASE_STRIP = NO;
				DEBUG_INFORMATION_FORMAT = dwarf;
				ENABLE_STRICT_OBJC_MSGSEND = YES;
				ENABLE_TESTABILITY = YES;
				GCC_C_LANGUAGE_STANDARD = gnu11;
				GCC_DYNAMIC_NO_PIC = NO;
				GCC_NO_COMMON_BLOCKS = YES;
				GCC_OPTIMIZATION_LEVEL = 0;
				GCC_PREPROCESSOR_DEFINITIONS = (
					"DEBUG=1",
					"$(inherited)",
				);
				GCC_WARN_64_TO_32_BIT_CONVERSION = YES;
				GCC_WARN_ABOUT_RETURN_TYPE = YES_ERROR;
				GCC_WARN_UNDECLARED_SELECTOR = YES;
				GCC_WARN_UNINITIALIZED_AUTOS = YES_AGGRESSIVE;
				GCC_WARN_UNUSED_FUNCTION = YES;
				GCC_WARN_UNUSED_VARIABLE = YES;
				IPHONEOS_DEPLOYMENT_TARGET = 16.2;
				MTL_ENABLE_DEBUG_INFO = INCLUDE_SOURCE;
				MTL_FAST_MATH = YES;
				ONLY_ACTIVE_ARCH = YES;
				SDKROOT = iphoneos;
				SWIFT_ACTIVE_COMPILATION_CONDITIONS = DEBUG;
				SWIFT_OPTIMIZATION_LEVEL = "-Onone";
			};
			name = Debug;
		};
		27CF003429B676F100C40B5E /* Release */ = {
			isa = XCBuildConfiguration;
			buildSettings = {
				ALWAYS_SEARCH_USER_PATHS = NO;
				CLANG_ANALYZER_NONNULL = YES;
				CLANG_ANALYZER_NUMBER_OBJECT_CONVERSION = YES_AGGRESSIVE;
				CLANG_CXX_LANGUAGE_STANDARD = "gnu++20";
				CLANG_ENABLE_MODULES = YES;
				CLANG_ENABLE_OBJC_ARC = YES;
				CLANG_ENABLE_OBJC_WEAK = YES;
				CLANG_WARN_BLOCK_CAPTURE_AUTORELEASING = YES;
				CLANG_WARN_BOOL_CONVERSION = YES;
				CLANG_WARN_COMMA = YES;
				CLANG_WARN_CONSTANT_CONVERSION = YES;
				CLANG_WARN_DEPRECATED_OBJC_IMPLEMENTATIONS = YES;
				CLANG_WARN_DIRECT_OBJC_ISA_USAGE = YES_ERROR;
				CLANG_WARN_DOCUMENTATION_COMMENTS = YES;
				CLANG_WARN_EMPTY_BODY = YES;
				CLANG_WARN_ENUM_CONVERSION = YES;
				CLANG_WARN_INFINITE_RECURSION = YES;
				CLANG_WARN_INT_CONVERSION = YES;
				CLANG_WARN_NON_LITERAL_NULL_CONVERSION = YES;
				CLANG_WARN_OBJC_IMPLICIT_RETAIN_SELF = YES;
				CLANG_WARN_OBJC_LITERAL_CONVERSION = YES;
				CLANG_WARN_OBJC_ROOT_CLASS = YES_ERROR;
				CLANG_WARN_QUOTED_INCLUDE_IN_FRAMEWORK_HEADER = YES;
				CLANG_WARN_RANGE_LOOP_ANALYSIS = YES;
				CLANG_WARN_STRICT_PROTOTYPES = YES;
				CLANG_WARN_SUSPICIOUS_MOVE = YES;
				CLANG_WARN_UNGUARDED_AVAILABILITY = YES_AGGRESSIVE;
				CLANG_WARN_UNREACHABLE_CODE = YES;
				CLANG_WARN__DUPLICATE_METHOD_MATCH = YES;
				COPY_PHASE_STRIP = NO;
				DEBUG_INFORMATION_FORMAT = "dwarf-with-dsym";
				ENABLE_NS_ASSERTIONS = NO;
				ENABLE_STRICT_OBJC_MSGSEND = YES;
				GCC_C_LANGUAGE_STANDARD = gnu11;
				GCC_NO_COMMON_BLOCKS = YES;
				GCC_WARN_64_TO_32_BIT_CONVERSION = YES;
				GCC_WARN_ABOUT_RETURN_TYPE = YES_ERROR;
				GCC_WARN_UNDECLARED_SELECTOR = YES;
				GCC_WARN_UNINITIALIZED_AUTOS = YES_AGGRESSIVE;
				GCC_WARN_UNUSED_FUNCTION = YES;
				GCC_WARN_UNUSED_VARIABLE = YES;
				IPHONEOS_DEPLOYMENT_TARGET = 16.2;
				MTL_ENABLE_DEBUG_INFO = NO;
				MTL_FAST_MATH = YES;
				SDKROOT = iphoneos;
				SWIFT_COMPILATION_MODE = wholemodule;
				SWIFT_OPTIMIZATION_LEVEL = "-O";
				VALIDATE_PRODUCT = YES;
			};
			name = Release;
		};
		27CF003629B676F100C40B5E /* Debug */ = {
			isa = XCBuildConfiguration;
			buildSettings = {
				ASSETCATALOG_COMPILER_APPICON_NAME = AppIcon;
				ASSETCATALOG_COMPILER_GLOBAL_ACCENT_COLOR_NAME = AccentColor;
				CODE_SIGN_STYLE = Automatic;
				CURRENT_PROJECT_VERSION = 1;
				DEVELOPMENT_ASSET_PATHS = "\"Autocomplete/Preview Content\"";
				DEVELOPMENT_TEAM = 63ARTNG4RQ;
				ENABLE_PREVIEWS = YES;
				GENERATE_INFOPLIST_FILE = YES;
				INFOPLIST_KEY_UIApplicationSceneManifest_Generation = YES;
				INFOPLIST_KEY_UIApplicationSupportsIndirectInputEvents = YES;
				INFOPLIST_KEY_UILaunchScreen_Generation = YES;
				INFOPLIST_KEY_UISupportedInterfaceOrientations_iPad = "UIInterfaceOrientationPortrait UIInterfaceOrientationPortraitUpsideDown UIInterfaceOrientationLandscapeLeft UIInterfaceOrientationLandscapeRight";
				INFOPLIST_KEY_UISupportedInterfaceOrientations_iPhone = "UIInterfaceOrientationPortrait UIInterfaceOrientationLandscapeLeft UIInterfaceOrientationLandscapeRight";
				LD_RUNPATH_SEARCH_PATHS = (
					"$(inherited)",
					"@executable_path/Frameworks",
				);
				MARKETING_VERSION = 1.0;
				PRODUCT_BUNDLE_IDENTIFIER = com.Ethan.Autocomplete;
				PRODUCT_NAME = "$(TARGET_NAME)";
				SWIFT_EMIT_LOC_STRINGS = YES;
				SWIFT_VERSION = 5.0;
				TARGETED_DEVICE_FAMILY = "1,2";
			};
			name = Debug;
		};
		27CF003729B676F100C40B5E /* Release */ = {
			isa = XCBuildConfiguration;
			buildSettings = {
				ASSETCATALOG_COMPILER_APPICON_NAME = AppIcon;
				ASSETCATALOG_COMPILER_GLOBAL_ACCENT_COLOR_NAME = AccentColor;
				CODE_SIGN_STYLE = Automatic;
				CURRENT_PROJECT_VERSION = 1;
				DEVELOPMENT_ASSET_PATHS = "\"Autocomplete/Preview Content\"";
				DEVELOPMENT_TEAM = 63ARTNG4RQ;
				ENABLE_PREVIEWS = YES;
				GENERATE_INFOPLIST_FILE = YES;
				INFOPLIST_KEY_UIApplicationSceneManifest_Generation = YES;
				INFOPLIST_KEY_UIApplicationSupportsIndirectInputEvents = YES;
				INFOPLIST_KEY_UILaunchScreen_Generation = YES;
				INFOPLIST_KEY_UISupportedInterfaceOrientations_iPad = "UIInterfaceOrientationPortrait UIInterfaceOrientationPortraitUpsideDown UIInterfaceOrientationLandscapeLeft UIInterfaceOrientationLandscapeRight";
				INFOPLIST_KEY_UISupportedInterfaceOrientations_iPhone = "UIInterfaceOrientationPortrait UIInterfaceOrientationLandscapeLeft UIInterfaceOrientationLandscapeRight";
				LD_RUNPATH_SEARCH_PATHS = (
					"$(inherited)",
					"@executable_path/Frameworks",
				);
				MARKETING_VERSION = 1.0;
				PRODUCT_BUNDLE_IDENTIFIER = com.Ethan.Autocomplete;
				PRODUCT_NAME = "$(TARGET_NAME)";
				SWIFT_EMIT_LOC_STRINGS = YES;
				SWIFT_VERSION = 5.0;
				TARGETED_DEVICE_FAMILY = "1,2";
			};
			name = Release;
		};
		27CF003929B676F100C40B5E /* Debug */ = {
			isa = XCBuildConfiguration;
			buildSettings = {
				ALWAYS_EMBED_SWIFT_STANDARD_LIBRARIES = YES;
				BUNDLE_LOADER = "$(TEST_HOST)";
				CODE_SIGN_STYLE = Automatic;
				CURRENT_PROJECT_VERSION = 1;
				DEVELOPMENT_TEAM = 63ARTNG4RQ;
				GENERATE_INFOPLIST_FILE = YES;
				IPHONEOS_DEPLOYMENT_TARGET = 16.2;
				MARKETING_VERSION = 1.0;
				PRODUCT_BUNDLE_IDENTIFIER = com.Ethan.AutocompleteTests;
				PRODUCT_NAME = "$(TARGET_NAME)";
				SWIFT_EMIT_LOC_STRINGS = NO;
				SWIFT_VERSION = 5.0;
				TARGETED_DEVICE_FAMILY = "1,2";
				TEST_HOST = "$(BUILT_PRODUCTS_DIR)/Autocomplete.app/$(BUNDLE_EXECUTABLE_FOLDER_PATH)/Autocomplete";
			};
			name = Debug;
		};
		27CF003A29B676F100C40B5E /* Release */ = {
			isa = XCBuildConfiguration;
			buildSettings = {
				ALWAYS_EMBED_SWIFT_STANDARD_LIBRARIES = YES;
				BUNDLE_LOADER = "$(TEST_HOST)";
				CODE_SIGN_STYLE = Automatic;
				CURRENT_PROJECT_VERSION = 1;
				DEVELOPMENT_TEAM = 63ARTNG4RQ;
				GENERATE_INFOPLIST_FILE = YES;
				IPHONEOS_DEPLOYMENT_TARGET = 16.2;
				MARKETING_VERSION = 1.0;
				PRODUCT_BUNDLE_IDENTIFIER = com.Ethan.AutocompleteTests;
				PRODUCT_NAME = "$(TARGET_NAME)";
				SWIFT_EMIT_LOC_STRINGS = NO;
				SWIFT_VERSION = 5.0;
				TARGETED_DEVICE_FAMILY = "1,2";
				TEST_HOST = "$(BUILT_PRODUCTS_DIR)/Autocomplete.app/$(BUNDLE_EXECUTABLE_FOLDER_PATH)/Autocomplete";
			};
			name = Release;
		};
		27CF003C29B676F100C40B5E /* Debug */ = {
			isa = XCBuildConfiguration;
			buildSettings = {
				ALWAYS_EMBED_SWIFT_STANDARD_LIBRARIES = YES;
				CODE_SIGN_STYLE = Automatic;
				CURRENT_PROJECT_VERSION = 1;
				DEVELOPMENT_TEAM = 63ARTNG4RQ;
				GENERATE_INFOPLIST_FILE = YES;
				MARKETING_VERSION = 1.0;
				PRODUCT_BUNDLE_IDENTIFIER = com.Ethan.AutocompleteUITests;
				PRODUCT_NAME = "$(TARGET_NAME)";
				SWIFT_EMIT_LOC_STRINGS = NO;
				SWIFT_VERSION = 5.0;
				TARGETED_DEVICE_FAMILY = "1,2";
				TEST_TARGET_NAME = Autocomplete;
			};
			name = Debug;
		};
		27CF003D29B676F100C40B5E /* Release */ = {
			isa = XCBuildConfiguration;
			buildSettings = {
				ALWAYS_EMBED_SWIFT_STANDARD_LIBRARIES = YES;
				CODE_SIGN_STYLE = Automatic;
				CURRENT_PROJECT_VERSION = 1;
				DEVELOPMENT_TEAM = 63ARTNG4RQ;
				GENERATE_INFOPLIST_FILE = YES;
				MARKETING_VERSION = 1.0;
				PRODUCT_BUNDLE_IDENTIFIER = com.Ethan.AutocompleteUITests;
				PRODUCT_NAME = "$(TARGET_NAME)";
				SWIFT_EMIT_LOC_STRINGS = NO;
				SWIFT_VERSION = 5.0;
				TARGETED_DEVICE_FAMILY = "1,2";
				TEST_TARGET_NAME = Autocomplete;
			};
			name = Release;
		};
/* End XCBuildConfiguration section */

/* Begin XCConfigurationList section */
		27CF000C29B676EC00C40B5E /* Build configuration list for PBXProject "Autocomplete" */ = {
			isa = XCConfigurationList;
			buildConfigurations = (
				27CF003329B676F100C40B5E /* Debug */,
				27CF003429B676F100C40B5E /* Release */,
			);
			defaultConfigurationIsVisible = 0;
			defaultConfigurationName = Release;
		};
		27CF003529B676F100C40B5E /* Build configuration list for PBXNativeTarget "Autocomplete" */ = {
			isa = XCConfigurationList;
			buildConfigurations = (
				27CF003629B676F100C40B5E /* Debug */,
				27CF003729B676F100C40B5E /* Release */,
			);
			defaultConfigurationIsVisible = 0;
			defaultConfigurationName = Release;
		};
		27CF003829B676F100C40B5E /* Build configuration list for PBXNativeTarget "AutocompleteTests" */ = {
			isa = XCConfigurationList;
			buildConfigurations = (
				27CF003929B676F100C40B5E /* Debug */,
				27CF003A29B676F100C40B5E /* Release */,
			);
			defaultConfigurationIsVisible = 0;
			defaultConfigurationName = Release;
		};
		27CF003B29B676F100C40B5E /* Build configuration list for PBXNativeTarget "AutocompleteUITests" */ = {
			isa = XCConfigurationList;
			buildConfigurations = (
				27CF003C29B676F100C40B5E /* Debug */,
				27CF003D29B676F100C40B5E /* Release */,
			);
			defaultConfigurationIsVisible = 0;
			defaultConfigurationName = Release;
		};
/* End XCConfigurationList section */
	};
	rootObject = 27CF000929B676EC00C40B5E /* Project object */;
}
